{
  "name": "osrs-rev-checker",
  "version": "0.0.0",
  "lockfileVersion": 1,
  "dependencies": {
    "bufferpack": {
      "version": "0.0.6",
      "resolved": "https://registry.npmjs.org/bufferpack/-/bufferpack-0.0.6.tgz",
      "integrity": "sha1-+z2HOKDh5OA7z/mfmnX57Bip1z4="
    },
    "lib": {
      "version": "3.0.2",
      "resolved": "https://registry.npmjs.org/lib/-/lib-3.0.2.tgz",
      "integrity": "sha1-3R5PWhgvzr/uiUhP8Q/f3RUIZ04="
    }
  }
}
